PODS:
  - Alamofire (5.4.3)
  - Moya (14.0.0):
    - Moya/Core (= 14.0.0)
  - Moya/Core (14.0.0):
    - Alamofire (~> 5.0)
  - SwiftKeychainWrapper (4.0.1)
  - SwiftLint (0.43.1)

DEPENDENCIES:
  - Moya
  - SwiftKeychainWrapper
  - SwiftLint

SPEC REPOS:
  trunk:
    - Alamofire
    - Moya
    - SwiftKeychainWrapper
    - SwiftLint

SPEC CHECKSUMS:
  Alamofire: e447a2774a40c996748296fa2c55112fdbbc42f9
  Moya: 5b45dacb75adb009f97fde91c204c1e565d31916
  SwiftKeychainWrapper: 807ba1d63c33a7d0613288512399cd1eda1e470c
  SwiftLint: 99f82d07b837b942dd563c668de129a03fc3fb52

PODFILE CHECKSUM: 2643d671673caf668faea6aa53ac75f9f68b7d7c

COCOAPODS: 1.10.1
