// !$*UTF8*$!
{
	archiveVersion = 1;
	classes = {
	};
	objectVersion = 51;
	objects = {

/* Begin PBXAggregateTarget section */
		264448B322A4FDBD001A8ECA /* UniversalSyte */ = {
			isa = PBXAggregateTarget;
			buildConfigurationList = 264448B422A4FDBD001A8ECA /* Build configuration list for PBXAggregateTarget "UniversalSyte" */;
			buildPhases = (
				264448B722A4FDE6001A8ECA /* ShellScript */,
			);
			dependencies = (
			);
			name = UniversalSyte;
			productName = UniversalSyte;
		};
/* End PBXAggregateTarget section */

/* Begin PBXBuildFile section */
		26083CC522A61E48003869B0 /* Logger.swift in Sources */ = {isa = PBXBuildFile; fileRef = 26083CC422A61E48003869B0 /* Logger.swift */; };
		26083CC722A61E52003869B0 /* Error.swift in Sources */ = {isa = PBXBuildFile; fileRef = 26083CC622A61E52003869B0 /* Error.swift */; };
		26083CC922A61EED003869B0 /* Config.swift in Sources */ = {isa = PBXBuildFile; fileRef = 26083CC822A61EED003869B0 /* Config.swift */; };
		26083CCB22A65E55003869B0 /* Reachability.swift in Sources */ = {isa = PBXBuildFile; fileRef = 26083CCA22A65E55003869B0 /* Reachability.swift */; };
		26083CCD22A6688D003869B0 /* Bounds.swift in Sources */ = {isa = PBXBuildFile; fileRef = 26083CCC22A6688D003869B0 /* Bounds.swift */; };
		26083CD122A671FF003869B0 /* Offer.swift in Sources */ = {isa = PBXBuildFile; fileRef = 26083CD022A671FE003869B0 /* Offer.swift */; };
		264448AB22A4FBF6001A8ECA /* Syte.h in Headers */ = {isa = PBXBuildFile; fileRef = 264448A922A4FBF6001A8ECA /* Syte.h */; settings = {ATTRIBUTES = (Public, ); }; };
		264448B222A4FD41001A8ECA /* Syte.swift in Sources */ = {isa = PBXBuildFile; fileRef = 264448B122A4FD41001A8ECA /* Syte.swift */; };
		264448C022A4FED3001A8ECA /* AppDelegate.swift in Sources */ = {isa = PBXBuildFile; fileRef = 264448BF22A4FED3001A8ECA /* AppDelegate.swift */; };
		264448C222A4FED3001A8ECA /* ViewController.swift in Sources */ = {isa = PBXBuildFile; fileRef = 264448C122A4FED3001A8ECA /* ViewController.swift */; };
		264448C522A4FED3001A8ECA /* Main.storyboard in Resources */ = {isa = PBXBuildFile; fileRef = 264448C322A4FED3001A8ECA /* Main.storyboard */; };
		264448C722A4FED5001A8ECA /* Assets.xcassets in Resources */ = {isa = PBXBuildFile; fileRef = 264448C622A4FED5001A8ECA /* Assets.xcassets */; };
		264448CA22A4FED5001A8ECA /* LaunchScreen.storyboard in Resources */ = {isa = PBXBuildFile; fileRef = 264448C822A4FED5001A8ECA /* LaunchScreen.storyboard */; };
		264448D022A5038E001A8ECA /* HttpClient.swift in Sources */ = {isa = PBXBuildFile; fileRef = 264448CF22A5038E001A8ECA /* HttpClient.swift */; };
		6324E45322C8800F002359EE /* SyteTests.swift in Sources */ = {isa = PBXBuildFile; fileRef = 6324E45222C8800F002359EE /* SyteTests.swift */; };
		6324E45522C8800F002359EE /* Syte.framework in Frameworks */ = {isa = PBXBuildFile; fileRef = 264448A622A4FBF6001A8ECA /* Syte.framework */; };
		6328852022ACF2C000865F41 /* PhotoSelectWorker.swift in Sources */ = {isa = PBXBuildFile; fileRef = 6328851F22ACF2BF00865F41 /* PhotoSelectWorker.swift */; };
		635DE36F23570A1D00492B78 /* Syte.framework in Frameworks */ = {isa = PBXBuildFile; fileRef = 264448A622A4FBF6001A8ECA /* Syte.framework */; };
		757AF66126CD1F14000BC1CE /* .swiftlint.yml in Resources */ = {isa = PBXBuildFile; fileRef = 757AF66026CD1F14000BC1CE /* .swiftlint.yml */; };
		757AF66526CD3A54000BC1CE /* SyteConfiguration.swift in Sources */ = {isa = PBXBuildFile; fileRef = 757AF66426CD3A54000BC1CE /* SyteConfiguration.swift */; };
		757AF66A26CD4A9A000BC1CE /* BaseProvider.swift in Sources */ = {isa = PBXBuildFile; fileRef = 757AF66926CD4A9A000BC1CE /* BaseProvider.swift */; };
		757AF66C26CD51FC000BC1CE /* InitSyte.swift in Sources */ = {isa = PBXBuildFile; fileRef = 757AF66B26CD51FC000BC1CE /* InitSyte.swift */; };
		757AF67026CD5CE4000BC1CE /* SyteResult.swift in Sources */ = {isa = PBXBuildFile; fileRef = 757AF66F26CD5CE4000BC1CE /* SyteResult.swift */; };
		757AF67226CD6326000BC1CE /* SyteStorage.swift in Sources */ = {isa = PBXBuildFile; fileRef = 757AF67126CD6326000BC1CE /* SyteStorage.swift */; };
		C544523FF681188C8BBAEFA6 /* Pods_Syte.framework in Frameworks */ = {isa = PBXBuildFile; fileRef = 5D3A34E2B71E721F310B719E /* Pods_Syte.framework */; };
		E1D183E69D1F47A27E15093B /* Pods_TestSyte.framework in Frameworks */ = {isa = PBXBuildFile; fileRef = 02BD88F1E80EA67891EBD121 /* Pods_TestSyte.framework */; };
		EDB336FE14288D4E5257585B /* Pods_Syte_SyteTests.framework in Frameworks */ = {isa = PBXBuildFile; fileRef = 6DB32B09DCFE0246D61194D6 /* Pods_Syte_SyteTests.framework */; };
/* End PBXBuildFile section */

/* Begin PBXContainerItemProxy section */
		6324E45622C8800F002359EE /* PBXContainerItemProxy */ = {
			isa = PBXContainerItemProxy;
			containerPortal = 2644489D22A4FBF6001A8ECA /* Project object */;
			proxyType = 1;
			remoteGlobalIDString = 264448A522A4FBF6001A8ECA;
			remoteInfo = Syte;
		};
/* End PBXContainerItemProxy section */

/* Begin PBXFileReference section */
		02BD88F1E80EA67891EBD121 /* Pods_TestSyte.framework */ = {isa = PBXFileReference; explicitFileType = wrapper.framework; includeInIndex = 0; path = Pods_TestSyte.framework; sourceTree = BUILT_PRODUCTS_DIR; };
		1394A7545272145CB2436DCD /* Pods-TestSyte.release.xcconfig */ = {isa = PBXFileReference; includeInIndex = 1; lastKnownFileType = text.xcconfig; name = "Pods-TestSyte.release.xcconfig"; path = "Target Support Files/Pods-TestSyte/Pods-TestSyte.release.xcconfig"; sourceTree = "<group>"; };
		15F4AE1D48C240526BA85799 /* Pods-Syte.release.xcconfig */ = {isa = PBXFileReference; includeInIndex = 1; lastKnownFileType = text.xcconfig; name = "Pods-Syte.release.xcconfig"; path = "Target Support Files/Pods-Syte/Pods-Syte.release.xcconfig"; sourceTree = "<group>"; };
		26083CC422A61E48003869B0 /* Logger.swift */ = {isa = PBXFileReference; lastKnownFileType = sourcecode.swift; path = Logger.swift; sourceTree = "<group>"; };
		26083CC622A61E52003869B0 /* Error.swift */ = {isa = PBXFileReference; lastKnownFileType = sourcecode.swift; path = Error.swift; sourceTree = "<group>"; };
		26083CC822A61EED003869B0 /* Config.swift */ = {isa = PBXFileReference; lastKnownFileType = sourcecode.swift; path = Config.swift; sourceTree = "<group>"; };
		26083CCA22A65E55003869B0 /* Reachability.swift */ = {isa = PBXFileReference; lastKnownFileType = sourcecode.swift; path = Reachability.swift; sourceTree = "<group>"; };
		26083CCC22A6688D003869B0 /* Bounds.swift */ = {isa = PBXFileReference; lastKnownFileType = sourcecode.swift; path = Bounds.swift; sourceTree = "<group>"; };
		26083CD022A671FE003869B0 /* Offer.swift */ = {isa = PBXFileReference; fileEncoding = 4; lastKnownFileType = sourcecode.swift; path = Offer.swift; sourceTree = "<group>"; };
		264448A622A4FBF6001A8ECA /* Syte.framework */ = {isa = PBXFileReference; explicitFileType = wrapper.framework; includeInIndex = 0; path = Syte.framework; sourceTree = BUILT_PRODUCTS_DIR; };
		264448A922A4FBF6001A8ECA /* Syte.h */ = {isa = PBXFileReference; lastKnownFileType = sourcecode.c.h; path = Syte.h; sourceTree = "<group>"; };
		264448AA22A4FBF6001A8ECA /* Info.plist */ = {isa = PBXFileReference; lastKnownFileType = text.plist.xml; path = Info.plist; sourceTree = "<group>"; };
		264448B122A4FD41001A8ECA /* Syte.swift */ = {isa = PBXFileReference; lastKnownFileType = sourcecode.swift; path = Syte.swift; sourceTree = "<group>"; };
		264448BD22A4FED3001A8ECA /* TestSyte.app */ = {isa = PBXFileReference; explicitFileType = wrapper.application; includeInIndex = 0; path = TestSyte.app; sourceTree = BUILT_PRODUCTS_DIR; };
		264448BF22A4FED3001A8ECA /* AppDelegate.swift */ = {isa = PBXFileReference; lastKnownFileType = sourcecode.swift; path = AppDelegate.swift; sourceTree = "<group>"; };
		264448C122A4FED3001A8ECA /* ViewController.swift */ = {isa = PBXFileReference; lastKnownFileType = sourcecode.swift; path = ViewController.swift; sourceTree = "<group>"; };
		264448C422A4FED3001A8ECA /* Base */ = {isa = PBXFileReference; lastKnownFileType = file.storyboard; name = Base; path = Base.lproj/Main.storyboard; sourceTree = "<group>"; };
		264448C622A4FED5001A8ECA /* Assets.xcassets */ = {isa = PBXFileReference; lastKnownFileType = folder.assetcatalog; path = Assets.xcassets; sourceTree = "<group>"; };
		264448C922A4FED5001A8ECA /* Base */ = {isa = PBXFileReference; lastKnownFileType = file.storyboard; name = Base; path = Base.lproj/LaunchScreen.storyboard; sourceTree = "<group>"; };
		264448CB22A4FED5001A8ECA /* Info.plist */ = {isa = PBXFileReference; lastKnownFileType = text.plist.xml; path = Info.plist; sourceTree = "<group>"; };
		264448CF22A5038E001A8ECA /* HttpClient.swift */ = {isa = PBXFileReference; lastKnownFileType = sourcecode.swift; path = HttpClient.swift; sourceTree = "<group>"; };
		385D4F1CD6C1A8E39C2328CF /* Pods-Syte.debug.xcconfig */ = {isa = PBXFileReference; includeInIndex = 1; lastKnownFileType = text.xcconfig; name = "Pods-Syte.debug.xcconfig"; path = "Target Support Files/Pods-Syte/Pods-Syte.debug.xcconfig"; sourceTree = "<group>"; };
		44460C6C055373D19AF5CB3C /* Pods-TestSyte.debug.xcconfig */ = {isa = PBXFileReference; includeInIndex = 1; lastKnownFileType = text.xcconfig; name = "Pods-TestSyte.debug.xcconfig"; path = "Target Support Files/Pods-TestSyte/Pods-TestSyte.debug.xcconfig"; sourceTree = "<group>"; };
		5D3A34E2B71E721F310B719E /* Pods_Syte.framework */ = {isa = PBXFileReference; explicitFileType = wrapper.framework; includeInIndex = 0; path = Pods_Syte.framework; sourceTree = BUILT_PRODUCTS_DIR; };
		6324E45022C8800F002359EE /* SyteTests.xctest */ = {isa = PBXFileReference; explicitFileType = wrapper.cfbundle; includeInIndex = 0; path = SyteTests.xctest; sourceTree = BUILT_PRODUCTS_DIR; };
		6324E45222C8800F002359EE /* SyteTests.swift */ = {isa = PBXFileReference; lastKnownFileType = sourcecode.swift; path = SyteTests.swift; sourceTree = "<group>"; };
		6324E45422C8800F002359EE /* Info.plist */ = {isa = PBXFileReference; lastKnownFileType = text.plist.xml; path = Info.plist; sourceTree = "<group>"; };
		6328851F22ACF2BF00865F41 /* PhotoSelectWorker.swift */ = {isa = PBXFileReference; fileEncoding = 4; lastKnownFileType = sourcecode.swift; path = PhotoSelectWorker.swift; sourceTree = "<group>"; };
		6873FDE43ACAC5F01FFF7B95 /* Pods-Syte-SyteTests.release.xcconfig */ = {isa = PBXFileReference; includeInIndex = 1; lastKnownFileType = text.xcconfig; name = "Pods-Syte-SyteTests.release.xcconfig"; path = "Target Support Files/Pods-Syte-SyteTests/Pods-Syte-SyteTests.release.xcconfig"; sourceTree = "<group>"; };
		6DB32B09DCFE0246D61194D6 /* Pods_Syte_SyteTests.framework */ = {isa = PBXFileReference; explicitFileType = wrapper.framework; includeInIndex = 0; path = Pods_Syte_SyteTests.framework; sourceTree = BUILT_PRODUCTS_DIR; };
		757AF66026CD1F14000BC1CE /* .swiftlint.yml */ = {isa = PBXFileReference; fileEncoding = 4; lastKnownFileType = text.yaml; path = .swiftlint.yml; sourceTree = "<group>"; };
		757AF66426CD3A54000BC1CE /* SyteConfiguration.swift */ = {isa = PBXFileReference; lastKnownFileType = sourcecode.swift; path = SyteConfiguration.swift; sourceTree = "<group>"; };
		757AF66926CD4A9A000BC1CE /* BaseProvider.swift */ = {isa = PBXFileReference; lastKnownFileType = sourcecode.swift; path = BaseProvider.swift; sourceTree = "<group>"; };
		757AF66B26CD51FC000BC1CE /* InitSyte.swift */ = {isa = PBXFileReference; lastKnownFileType = sourcecode.swift; path = InitSyte.swift; sourceTree = "<group>"; };
		757AF66F26CD5CE4000BC1CE /* SyteResult.swift */ = {isa = PBXFileReference; lastKnownFileType = sourcecode.swift; path = SyteResult.swift; sourceTree = "<group>"; };
		757AF67126CD6326000BC1CE /* SyteStorage.swift */ = {isa = PBXFileReference; lastKnownFileType = sourcecode.swift; path = SyteStorage.swift; sourceTree = "<group>"; };
		A89169E2D2E29FBA649C7786 /* Pods-Syte-SyteTests.debug.xcconfig */ = {isa = PBXFileReference; includeInIndex = 1; lastKnownFileType = text.xcconfig; name = "Pods-Syte-SyteTests.debug.xcconfig"; path = "Target Support Files/Pods-Syte-SyteTests/Pods-Syte-SyteTests.debug.xcconfig"; sourceTree = "<group>"; };
/* End PBXFileReference section */

/* Begin PBXFrameworksBuildPhase section */
		264448A322A4FBF6001A8ECA /* Frameworks */ = {
			isa = PBXFrameworksBuildPhase;
			buildActionMask = 2147483647;
			files = (
				C544523FF681188C8BBAEFA6 /* Pods_Syte.framework in Frameworks */,
			);
			runOnlyForDeploymentPostprocessing = 0;
		};
		264448BA22A4FED3001A8ECA /* Frameworks */ = {
			isa = PBXFrameworksBuildPhase;
			buildActionMask = 2147483647;
			files = (
				635DE36F23570A1D00492B78 /* Syte.framework in Frameworks */,
				E1D183E69D1F47A27E15093B /* Pods_TestSyte.framework in Frameworks */,
			);
			runOnlyForDeploymentPostprocessing = 0;
		};
		6324E44D22C8800F002359EE /* Frameworks */ = {
			isa = PBXFrameworksBuildPhase;
			buildActionMask = 2147483647;
			files = (
				6324E45522C8800F002359EE /* Syte.framework in Frameworks */,
				EDB336FE14288D4E5257585B /* Pods_Syte_SyteTests.framework in Frameworks */,
			);
			runOnlyForDeploymentPostprocessing = 0;
		};
/* End PBXFrameworksBuildPhase section */

/* Begin PBXGroup section */
		2644489C22A4FBF6001A8ECA = {
			isa = PBXGroup;
			children = (
				757AF66026CD1F14000BC1CE /* .swiftlint.yml */,
				264448A822A4FBF6001A8ECA /* Syte */,
				264448BE22A4FED3001A8ECA /* TestSyte */,
				6324E45122C8800F002359EE /* SyteTests */,
				264448A722A4FBF6001A8ECA /* Products */,
				EF10483522ACD71485121946 /* Pods */,
				EFC2AC115C2EFBD9CE603BEC /* Frameworks */,
			);
			sourceTree = "<group>";
		};
		264448A722A4FBF6001A8ECA /* Products */ = {
			isa = PBXGroup;
			children = (
				264448A622A4FBF6001A8ECA /* Syte.framework */,
				264448BD22A4FED3001A8ECA /* TestSyte.app */,
				6324E45022C8800F002359EE /* SyteTests.xctest */,
			);
			name = Products;
			sourceTree = "<group>";
		};
		264448A822A4FBF6001A8ECA /* Syte */ = {
			isa = PBXGroup;
			children = (
				757AF67326CD632F000BC1CE /* Old */,
				757AF66D26CD5CCF000BC1CE /* Data */,
				757AF66326CD3A48000BC1CE /* Core */,
				264448A922A4FBF6001A8ECA /* Syte.h */,
				264448AA22A4FBF6001A8ECA /* Info.plist */,
			);
			path = Syte;
			sourceTree = "<group>";
		};
		264448BE22A4FED3001A8ECA /* TestSyte */ = {
			isa = PBXGroup;
			children = (
				264448BF22A4FED3001A8ECA /* AppDelegate.swift */,
				6328851F22ACF2BF00865F41 /* PhotoSelectWorker.swift */,
				264448C122A4FED3001A8ECA /* ViewController.swift */,
				264448C322A4FED3001A8ECA /* Main.storyboard */,
				264448C622A4FED5001A8ECA /* Assets.xcassets */,
				264448C822A4FED5001A8ECA /* LaunchScreen.storyboard */,
				264448CB22A4FED5001A8ECA /* Info.plist */,
			);
			path = TestSyte;
			sourceTree = "<group>";
		};
		6324E45122C8800F002359EE /* SyteTests */ = {
			isa = PBXGroup;
			children = (
				6324E45222C8800F002359EE /* SyteTests.swift */,
				6324E45422C8800F002359EE /* Info.plist */,
			);
			path = SyteTests;
			sourceTree = "<group>";
		};
		757AF66326CD3A48000BC1CE /* Core */ = {
			isa = PBXGroup;
			children = (
				757AF66626CD4A7B000BC1CE /* API */,
				757AF66426CD3A54000BC1CE /* SyteConfiguration.swift */,
				757AF66B26CD51FC000BC1CE /* InitSyte.swift */,
				757AF67126CD6326000BC1CE /* SyteStorage.swift */,
			);
			path = Core;
			sourceTree = "<group>";
		};
		757AF66626CD4A7B000BC1CE /* API */ = {
			isa = PBXGroup;
			children = (
				757AF66826CD4A87000BC1CE /* Services */,
				757AF66726CD4A81000BC1CE /* Providers */,
			);
			path = API;
			sourceTree = "<group>";
		};
		757AF66726CD4A81000BC1CE /* Providers */ = {
			isa = PBXGroup;
			children = (
				757AF66926CD4A9A000BC1CE /* BaseProvider.swift */,
			);
			path = Providers;
			sourceTree = "<group>";
		};
		757AF66826CD4A87000BC1CE /* Services */ = {
			isa = PBXGroup;
			children = (
			);
			path = Services;
			sourceTree = "<group>";
		};
		757AF66D26CD5CCF000BC1CE /* Data */ = {
			isa = PBXGroup;
			children = (
				757AF66E26CD5CD8000BC1CE /* Result */,
			);
			path = Data;
			sourceTree = "<group>";
		};
		757AF66E26CD5CD8000BC1CE /* Result */ = {
			isa = PBXGroup;
			children = (
				757AF66F26CD5CE4000BC1CE /* SyteResult.swift */,
			);
			path = Result;
			sourceTree = "<group>";
		};
		757AF67326CD632F000BC1CE /* Old */ = {
			isa = PBXGroup;
			children = (
				264448B122A4FD41001A8ECA /* Syte.swift */,
				26083CC822A61EED003869B0 /* Config.swift */,
				26083CCA22A65E55003869B0 /* Reachability.swift */,
				26083CC422A61E48003869B0 /* Logger.swift */,
				26083CC622A61E52003869B0 /* Error.swift */,
				264448CF22A5038E001A8ECA /* HttpClient.swift */,
				26083CCC22A6688D003869B0 /* Bounds.swift */,
				26083CD022A671FE003869B0 /* Offer.swift */,
			);
			path = Old;
			sourceTree = "<group>";
		};
		EF10483522ACD71485121946 /* Pods */ = {
			isa = PBXGroup;
			children = (
				385D4F1CD6C1A8E39C2328CF /* Pods-Syte.debug.xcconfig */,
				15F4AE1D48C240526BA85799 /* Pods-Syte.release.xcconfig */,
				A89169E2D2E29FBA649C7786 /* Pods-Syte-SyteTests.debug.xcconfig */,
				6873FDE43ACAC5F01FFF7B95 /* Pods-Syte-SyteTests.release.xcconfig */,
				44460C6C055373D19AF5CB3C /* Pods-TestSyte.debug.xcconfig */,
				1394A7545272145CB2436DCD /* Pods-TestSyte.release.xcconfig */,
			);
			path = Pods;
			sourceTree = "<group>";
		};
		EFC2AC115C2EFBD9CE603BEC /* Frameworks */ = {
			isa = PBXGroup;
			children = (
				5D3A34E2B71E721F310B719E /* Pods_Syte.framework */,
				6DB32B09DCFE0246D61194D6 /* Pods_Syte_SyteTests.framework */,
				02BD88F1E80EA67891EBD121 /* Pods_TestSyte.framework */,
			);
			name = Frameworks;
			sourceTree = "<group>";
		};
/* End PBXGroup section */

/* Begin PBXHeadersBuildPhase section */
		264448A122A4FBF6001A8ECA /* Headers */ = {
			isa = PBXHeadersBuildPhase;
			buildActionMask = 2147483647;
			files = (
				264448AB22A4FBF6001A8ECA /* Syte.h in Headers */,
			);
			runOnlyForDeploymentPostprocessing = 0;
		};
/* End PBXHeadersBuildPhase section */

/* Begin PBXNativeTarget section */
		264448A522A4FBF6001A8ECA /* Syte */ = {
			isa = PBXNativeTarget;
			buildConfigurationList = 264448AE22A4FBF6001A8ECA /* Build configuration list for PBXNativeTarget "Syte" */;
			buildPhases = (
				A01E43633BC20CAEBFDB4AE7 /* [CP] Check Pods Manifest.lock */,
				264448A122A4FBF6001A8ECA /* Headers */,
				264448A222A4FBF6001A8ECA /* Sources */,
				264448A322A4FBF6001A8ECA /* Frameworks */,
				264448A422A4FBF6001A8ECA /* Resources */,
				757AF65F26CD1B43000BC1CE /* Swiftlint */,
			);
			buildRules = (
			);
			dependencies = (
			);
			name = Syte;
			productName = Syte;
			productReference = 264448A622A4FBF6001A8ECA /* Syte.framework */;
			productType = "com.apple.product-type.framework";
		};
		264448BC22A4FED3001A8ECA /* TestSyte */ = {
			isa = PBXNativeTarget;
			buildConfigurationList = 264448CC22A4FED5001A8ECA /* Build configuration list for PBXNativeTarget "TestSyte" */;
			buildPhases = (
				D6C5C6B4CA6722C7170BB0CE /* [CP] Check Pods Manifest.lock */,
				264448B922A4FED3001A8ECA /* Sources */,
				264448BA22A4FED3001A8ECA /* Frameworks */,
				264448BB22A4FED3001A8ECA /* Resources */,
				757AF66226CD21DD000BC1CE /* Swiftlint */,
			);
			buildRules = (
			);
			dependencies = (
			);
			name = TestSyte;
			productName = TestSyte;
			productReference = 264448BD22A4FED3001A8ECA /* TestSyte.app */;
			productType = "com.apple.product-type.application";
		};
		6324E44F22C8800F002359EE /* SyteTests */ = {
			isa = PBXNativeTarget;
			buildConfigurationList = 6324E45822C8800F002359EE /* Build configuration list for PBXNativeTarget "SyteTests" */;
			buildPhases = (
				8C53E60D86A6D12BFCA56969 /* [CP] Check Pods Manifest.lock */,
				6324E44C22C8800F002359EE /* Sources */,
				6324E44D22C8800F002359EE /* Frameworks */,
				6324E44E22C8800F002359EE /* Resources */,
				AF2AD42C35817A808F78C9CC /* [CP] Embed Pods Frameworks */,
			);
			buildRules = (
			);
			dependencies = (
				6324E45722C8800F002359EE /* PBXTargetDependency */,
			);
			name = SyteTests;
			productName = SyteTests;
			productReference = 6324E45022C8800F002359EE /* SyteTests.xctest */;
			productType = "com.apple.product-type.bundle.unit-test";
		};
/* End PBXNativeTarget section */

/* Begin PBXProject section */
		2644489D22A4FBF6001A8ECA /* Project object */ = {
			isa = PBXProject;
			attributes = {
				LastSwiftUpdateCheck = 1010;
				LastUpgradeCheck = 1020;
				ORGANIZATIONNAME = Syte.ai;
				TargetAttributes = {
					264448A522A4FBF6001A8ECA = {
						CreatedOnToolsVersion = 10.2.1;
						LastSwiftMigration = 1020;
					};
					264448B322A4FDBD001A8ECA = {
						CreatedOnToolsVersion = 10.2.1;
					};
					264448BC22A4FED3001A8ECA = {
						CreatedOnToolsVersion = 10.2.1;
					};
					6324E44F22C8800F002359EE = {
						CreatedOnToolsVersion = 10.1;
					};
				};
			};
			buildConfigurationList = 264448A022A4FBF6001A8ECA /* Build configuration list for PBXProject "Syte" */;
			compatibilityVersion = "Xcode 9.3";
			developmentRegion = en;
			hasScannedForEncodings = 0;
			knownRegions = (
				en,
				Base,
			);
			mainGroup = 2644489C22A4FBF6001A8ECA;
			productRefGroup = 264448A722A4FBF6001A8ECA /* Products */;
			projectDirPath = "";
			projectRoot = "";
			targets = (
				264448A522A4FBF6001A8ECA /* Syte */,
				264448B322A4FDBD001A8ECA /* UniversalSyte */,
				264448BC22A4FED3001A8ECA /* TestSyte */,
				6324E44F22C8800F002359EE /* SyteTests */,
			);
		};
/* End PBXProject section */

/* Begin PBXResourcesBuildPhase section */
		264448A422A4FBF6001A8ECA /* Resources */ = {
			isa = PBXResourcesBuildPhase;
			buildActionMask = 2147483647;
			files = (
				757AF66126CD1F14000BC1CE /* .swiftlint.yml in Resources */,
			);
			runOnlyForDeploymentPostprocessing = 0;
		};
		264448BB22A4FED3001A8ECA /* Resources */ = {
			isa = PBXResourcesBuildPhase;
			buildActionMask = 2147483647;
			files = (
				264448CA22A4FED5001A8ECA /* LaunchScreen.storyboard in Resources */,
				264448C722A4FED5001A8ECA /* Assets.xcassets in Resources */,
				264448C522A4FED3001A8ECA /* Main.storyboard in Resources */,
			);
			runOnlyForDeploymentPostprocessing = 0;
		};
		6324E44E22C8800F002359EE /* Resources */ = {
			isa = PBXResourcesBuildPhase;
			buildActionMask = 2147483647;
			files = (
			);
			runOnlyForDeploymentPostprocessing = 0;
		};
/* End PBXResourcesBuildPhase section */

/* Begin PBXShellScriptBuildPhase section */
		264448B722A4FDE6001A8ECA /* ShellScript */ = {
			isa = PBXShellScriptBuildPhase;
			buildActionMask = 2147483647;
			files = (
			);
			inputFileListPaths = (
			);
			inputPaths = (
			);
			outputFileListPaths = (
			);
			outputPaths = (
			);
			runOnlyForDeploymentPostprocessing = 0;
			shellPath = /bin/sh;
			shellScript = "UNIVERSAL_OUTPUTFOLDER=${BUILD_DIR}/${CONFIGURATION}-Universal\n# Make sure the output directory exists\nmkdir -p \"${UNIVERSAL_OUTPUTFOLDER}\"\n# Next, work out if we're in SIMULATOR or REAL DEVICE\nxcodebuild -target \"${PROJECT_NAME}\" -configuration ${CONFIGURATION} -sdk iphonesimulator ONLY_ACTIVE_ARCH=NO BUILD_DIR=\"${BUILD_DIR}\" BUILD_ROOT=\"${BUILD_ROOT}\" clean build\nxcodebuild -target \"${PROJECT_NAME}\" ONLY_ACTIVE_ARCH=NO -configuration ${CONFIGURATION} -sdk iphoneos  BUILD_DIR=\"${BUILD_DIR}\" BUILD_ROOT=\"${BUILD_ROOT}\" clean build\n# Step 2. Copy the framework structure (from iphoneos build) to the universal folder\ncp -R \"${BUILD_DIR}/${CONFIGURATION}-iphoneos/${PROJECT_NAME}.framework\" \"${UNIVERSAL_OUTPUTFOLDER}/\"\n# Step 3. Copy Swift modules from iphonesimulator build (if it exists) to the copied framework directory\nBUILD_PRODUCTS=\"${SYMROOT}/../../../../Products\"\ncp -R \"${BUILD_PRODUCTS}/Debug-iphonesimulator/${PROJECT_NAME}.framework/Modules/${PROJECT_NAME}.swiftmodule/.\" \"${UNIVERSAL_OUTPUTFOLDER}/${PROJECT_NAME}.framework/Modules/${PROJECT_NAME}.swiftmodule\"\n# Step 4. Create universal binary file using lipo and place the combined executable in the copied framework directory\nlipo -create -output \"${UNIVERSAL_OUTPUTFOLDER}/${PROJECT_NAME}.framework/${PROJECT_NAME}\" \"${BUILD_PRODUCTS}/Debug-iphonesimulator/${PROJECT_NAME}.framework/${PROJECT_NAME}\" \"${BUILD_DIR}/${CONFIGURATION}-iphoneos/${PROJECT_NAME}.framework/${PROJECT_NAME}\"\n# Step 5. Convenience step to copy the framework to the project's directory\ncp -R \"${UNIVERSAL_OUTPUTFOLDER}/${PROJECT_NAME}.framework\" \"${PROJECT_DIR}\"\n# Step 6. Convenience step to open the project's directory in Finder\nopen \"${PROJECT_DIR}\"\n";
		};
		757AF65F26CD1B43000BC1CE /* Swiftlint */ = {
			isa = PBXShellScriptBuildPhase;
			buildActionMask = 2147483647;
			files = (
			);
			inputFileListPaths = (
			);
			inputPaths = (
			);
			name = Swiftlint;
			outputFileListPaths = (
			);
			outputPaths = (
			);
			runOnlyForDeploymentPostprocessing = 0;
			shellPath = /bin/sh;
			shellScript = "\"${PODS_ROOT}/SwiftLint/swiftlint\"\n";
		};
		757AF66226CD21DD000BC1CE /* Swiftlint */ = {
			isa = PBXShellScriptBuildPhase;
			buildActionMask = 2147483647;
			files = (
			);
			inputFileListPaths = (
			);
			inputPaths = (
			);
			name = Swiftlint;
			outputFileListPaths = (
			);
			outputPaths = (
			);
			runOnlyForDeploymentPostprocessing = 0;
			shellPath = /bin/sh;
			shellScript = "\"${PODS_ROOT}/SwiftLint/swiftlint\"\n";
		};
		8C53E60D86A6D12BFCA56969 /* [CP] Check Pods Manifest.lock */ = {
			isa = PBXShellScriptBuildPhase;
			buildActionMask = 2147483647;
			files = (
			);
			inputFileListPaths = (
			);
			inputPaths = (
				"${PODS_PODFILE_DIR_PATH}/Podfile.lock",
				"${PODS_ROOT}/Manifest.lock",
			);
			name = "[CP] Check Pods Manifest.lock";
			outputFileListPaths = (
			);
			outputPaths = (
				"$(DERIVED_FILE_DIR)/Pods-Syte-SyteTests-checkManifestLockResult.txt",
			);
			runOnlyForDeploymentPostprocessing = 0;
			shellPath = /bin/sh;
			shellScript = "diff \"${PODS_PODFILE_DIR_PATH}/Podfile.lock\" \"${PODS_ROOT}/Manifest.lock\" > /dev/null\nif [ $? != 0 ] ; then\n    # print error to STDERR\n    echo \"error: The sandbox is not in sync with the Podfile.lock. Run 'pod install' or update your CocoaPods installation.\" >&2\n    exit 1\nfi\n# This output is used by Xcode 'outputs' to avoid re-running this script phase.\necho \"SUCCESS\" > \"${SCRIPT_OUTPUT_FILE_0}\"\n";
			showEnvVarsInLog = 0;
		};
		A01E43633BC20CAEBFDB4AE7 /* [CP] Check Pods Manifest.lock */ = {
			isa = PBXShellScriptBuildPhase;
			buildActionMask = 2147483647;
			files = (
			);
			inputFileListPaths = (
			);
			inputPaths = (
				"${PODS_PODFILE_DIR_PATH}/Podfile.lock",
				"${PODS_ROOT}/Manifest.lock",
			);
			name = "[CP] Check Pods Manifest.lock";
			outputFileListPaths = (
			);
			outputPaths = (
				"$(DERIVED_FILE_DIR)/Pods-Syte-checkManifestLockResult.txt",
			);
			runOnlyForDeploymentPostprocessing = 0;
			shellPath = /bin/sh;
			shellScript = "diff \"${PODS_PODFILE_DIR_PATH}/Podfile.lock\" \"${PODS_ROOT}/Manifest.lock\" > /dev/null\nif [ $? != 0 ] ; then\n    # print error to STDERR\n    echo \"error: The sandbox is not in sync with the Podfile.lock. Run 'pod install' or update your CocoaPods installation.\" >&2\n    exit 1\nfi\n# This output is used by Xcode 'outputs' to avoid re-running this script phase.\necho \"SUCCESS\" > \"${SCRIPT_OUTPUT_FILE_0}\"\n";
			showEnvVarsInLog = 0;
		};
		AF2AD42C35817A808F78C9CC /* [CP] Embed Pods Frameworks */ = {
			isa = PBXShellScriptBuildPhase;
			buildActionMask = 2147483647;
			files = (
			);
			inputFileListPaths = (
				"${PODS_ROOT}/Target Support Files/Pods-Syte-SyteTests/Pods-Syte-SyteTests-frameworks-${CONFIGURATION}-input-files.xcfilelist",
			);
			name = "[CP] Embed Pods Frameworks";
			outputFileListPaths = (
				"${PODS_ROOT}/Target Support Files/Pods-Syte-SyteTests/Pods-Syte-SyteTests-frameworks-${CONFIGURATION}-output-files.xcfilelist",
			);
			runOnlyForDeploymentPostprocessing = 0;
			shellPath = /bin/sh;
			shellScript = "\"${PODS_ROOT}/Target Support Files/Pods-Syte-SyteTests/Pods-Syte-SyteTests-frameworks.sh\"\n";
			showEnvVarsInLog = 0;
		};
		D6C5C6B4CA6722C7170BB0CE /* [CP] Check Pods Manifest.lock */ = {
			isa = PBXShellScriptBuildPhase;
			buildActionMask = 2147483647;
			files = (
			);
			inputFileListPaths = (
			);
			inputPaths = (
				"${PODS_PODFILE_DIR_PATH}/Podfile.lock",
				"${PODS_ROOT}/Manifest.lock",
			);
			name = "[CP] Check Pods Manifest.lock";
			outputFileListPaths = (
			);
			outputPaths = (
				"$(DERIVED_FILE_DIR)/Pods-TestSyte-checkManifestLockResult.txt",
			);
			runOnlyForDeploymentPostprocessing = 0;
			shellPath = /bin/sh;
			shellScript = "diff \"${PODS_PODFILE_DIR_PATH}/Podfile.lock\" \"${PODS_ROOT}/Manifest.lock\" > /dev/null\nif [ $? != 0 ] ; then\n    # print error to STDERR\n    echo \"error: The sandbox is not in sync with the Podfile.lock. Run 'pod install' or update your CocoaPods installation.\" >&2\n    exit 1\nfi\n# This output is used by Xcode 'outputs' to avoid re-running this script phase.\necho \"SUCCESS\" > \"${SCRIPT_OUTPUT_FILE_0}\"\n";
			showEnvVarsInLog = 0;
		};
/* End PBXShellScriptBuildPhase section */

/* Begin PBXSourcesBuildPhase section */
		264448A222A4FBF6001A8ECA /* Sources */ = {
			isa = PBXSourcesBuildPhase;
			buildActionMask = 2147483647;
			files = (
				26083CD122A671FF003869B0 /* Offer.swift in Sources */,
				757AF66526CD3A54000BC1CE /* SyteConfiguration.swift in Sources */,
				26083CC722A61E52003869B0 /* Error.swift in Sources */,
				757AF66C26CD51FC000BC1CE /* InitSyte.swift in Sources */,
				26083CCD22A6688D003869B0 /* Bounds.swift in Sources */,
				264448B222A4FD41001A8ECA /* Syte.swift in Sources */,
				26083CCB22A65E55003869B0 /* Reachability.swift in Sources */,
				757AF67226CD6326000BC1CE /* SyteStorage.swift in Sources */,
				26083CC922A61EED003869B0 /* Config.swift in Sources */,
				26083CC522A61E48003869B0 /* Logger.swift in Sources */,
				264448D022A5038E001A8ECA /* HttpClient.swift in Sources */,
				757AF66A26CD4A9A000BC1CE /* BaseProvider.swift in Sources */,
				757AF67026CD5CE4000BC1CE /* SyteResult.swift in Sources */,
			);
			runOnlyForDeploymentPostprocessing = 0;
		};
		264448B922A4FED3001A8ECA /* Sources */ = {
			isa = PBXSourcesBuildPhase;
			buildActionMask = 2147483647;
			files = (
				264448C222A4FED3001A8ECA /* ViewController.swift in Sources */,
				264448C022A4FED3001A8ECA /* AppDelegate.swift in Sources */,
				6328852022ACF2C000865F41 /* PhotoSelectWorker.swift in Sources */,
			);
			runOnlyForDeploymentPostprocessing = 0;
		};
		6324E44C22C8800F002359EE /* Sources */ = {
			isa = PBXSourcesBuildPhase;
			buildActionMask = 2147483647;
			files = (
				6324E45322C8800F002359EE /* SyteTests.swift in Sources */,
			);
			runOnlyForDeploymentPostprocessing = 0;
		};
/* End PBXSourcesBuildPhase section */

/* Begin PBXTargetDependency section */
		6324E45722C8800F002359EE /* PBXTargetDependency */ = {
			isa = PBXTargetDependency;
			target = 264448A522A4FBF6001A8ECA /* Syte */;
			targetProxy = 6324E45622C8800F002359EE /* PBXContainerItemProxy */;
		};
/* End PBXTargetDependency section */

/* Begin PBXVariantGroup section */
		264448C322A4FED3001A8ECA /* Main.storyboard */ = {
			isa = PBXVariantGroup;
			children = (
				264448C422A4FED3001A8ECA /* Base */,
			);
			name = Main.storyboard;
			sourceTree = "<group>";
		};
		264448C822A4FED5001A8ECA /* LaunchScreen.storyboard */ = {
			isa = PBXVariantGroup;
			children = (
				264448C922A4FED5001A8ECA /* Base */,
			);
			name = LaunchScreen.storyboard;
			sourceTree = "<group>";
		};
/* End PBXVariantGroup section */

/* Begin XCBuildConfiguration section */
		264448AC22A4FBF6001A8ECA /* Debug */ = {
			isa = XCBuildConfiguration;
			buildSettings = {
				ALWAYS_SEARCH_USER_PATHS = NO;
				BITCODE_GENERATION_MODE = marker;
				CLANG_ANALYZER_NONNULL = YES;
				CLANG_ANALYZER_NUMBER_OBJECT_CONVERSION = YES_AGGRESSIVE;
				CLANG_CXX_LANGUAGE_STANDARD = "gnu++14";
				CLANG_CXX_LIBRARY = "libc++";
				CLANG_ENABLE_MODULES = YES;
				CLANG_ENABLE_OBJC_ARC = YES;
				CLANG_ENABLE_OBJC_WEAK = YES;
				CLANG_WARN_BLOCK_CAPTURE_AUTORELEASING = YES;
				CLANG_WARN_BOOL_CONVERSION = YES;
				CLANG_WARN_COMMA = YES;
				CLANG_WARN_CONSTANT_CONVERSION = YES;
				CLANG_WARN_DEPRECATED_OBJC_IMPLEMENTATIONS = YES;
				CLANG_WARN_DIRECT_OBJC_ISA_USAGE = YES_ERROR;
				CLANG_WARN_DOCUMENTATION_COMMENTS = YES;
				CLANG_WARN_EMPTY_BODY = YES;
				CLANG_WARN_ENUM_CONVERSION = YES;
				CLANG_WARN_INFINITE_RECURSION = YES;
				CLANG_WARN_INT_CONVERSION = YES;
				CLANG_WARN_NON_LITERAL_NULL_CONVERSION = YES;
				CLANG_WARN_OBJC_IMPLICIT_RETAIN_SELF = YES;
				CLANG_WARN_OBJC_LITERAL_CONVERSION = YES;
				CLANG_WARN_OBJC_ROOT_CLASS = YES_ERROR;
				CLANG_WARN_RANGE_LOOP_ANALYSIS = YES;
				CLANG_WARN_STRICT_PROTOTYPES = YES;
				CLANG_WARN_SUSPICIOUS_MOVE = YES;
				CLANG_WARN_UNGUARDED_AVAILABILITY = YES_AGGRESSIVE;
				CLANG_WARN_UNREACHABLE_CODE = YES;
				CLANG_WARN__DUPLICATE_METHOD_MATCH = YES;
				CODE_SIGN_IDENTITY = "iPhone Developer";
				COPY_PHASE_STRIP = NO;
				CURRENT_PROJECT_VERSION = 1;
				DEBUG_INFORMATION_FORMAT = dwarf;
				ENABLE_STRICT_OBJC_MSGSEND = YES;
				ENABLE_TESTABILITY = YES;
				GCC_C_LANGUAGE_STANDARD = gnu11;
				GCC_DYNAMIC_NO_PIC = NO;
				GCC_NO_COMMON_BLOCKS = YES;
				GCC_OPTIMIZATION_LEVEL = 0;
				GCC_PREPROCESSOR_DEFINITIONS = (
					"DEBUG=1",
					"$(inherited)",
				);
				GCC_WARN_64_TO_32_BIT_CONVERSION = YES;
				GCC_WARN_ABOUT_RETURN_TYPE = YES_ERROR;
				GCC_WARN_UNDECLARED_SELECTOR = YES;
				GCC_WARN_UNINITIALIZED_AUTOS = YES_AGGRESSIVE;
				GCC_WARN_UNUSED_FUNCTION = YES;
				GCC_WARN_UNUSED_VARIABLE = YES;
				IPHONEOS_DEPLOYMENT_TARGET = 10.0;
				MTL_ENABLE_DEBUG_INFO = INCLUDE_SOURCE;
				MTL_FAST_MATH = YES;
				ONLY_ACTIVE_ARCH = YES;
				OTHER_CFLAGS = "-fembed-bitcode";
				SDKROOT = iphoneos;
				SWIFT_ACTIVE_COMPILATION_CONDITIONS = DEBUG;
				SWIFT_OPTIMIZATION_LEVEL = "-Onone";
				VERSIONING_SYSTEM = "apple-generic";
				VERSION_INFO_PREFIX = "";
			};
			name = Debug;
		};
		264448AD22A4FBF6001A8ECA /* Release */ = {
			isa = XCBuildConfiguration;
			buildSettings = {
				ALWAYS_SEARCH_USER_PATHS = NO;
				BITCODE_GENERATION_MODE = bitcode;
				CLANG_ANALYZER_NONNULL = YES;
				CLANG_ANALYZER_NUMBER_OBJECT_CONVERSION = YES_AGGRESSIVE;
				CLANG_CXX_LANGUAGE_STANDARD = "gnu++14";
				CLANG_CXX_LIBRARY = "libc++";
				CLANG_ENABLE_MODULES = YES;
				CLANG_ENABLE_OBJC_ARC = YES;
				CLANG_ENABLE_OBJC_WEAK = YES;
				CLANG_WARN_BLOCK_CAPTURE_AUTORELEASING = YES;
				CLANG_WARN_BOOL_CONVERSION = YES;
				CLANG_WARN_COMMA = YES;
				CLANG_WARN_CONSTANT_CONVERSION = YES;
				CLANG_WARN_DEPRECATED_OBJC_IMPLEMENTATIONS = YES;
				CLANG_WARN_DIRECT_OBJC_ISA_USAGE = YES_ERROR;
				CLANG_WARN_DOCUMENTATION_COMMENTS = YES;
				CLANG_WARN_EMPTY_BODY = YES;
				CLANG_WARN_ENUM_CONVERSION = YES;
				CLANG_WARN_INFINITE_RECURSION = YES;
				CLANG_WARN_INT_CONVERSION = YES;
				CLANG_WARN_NON_LITERAL_NULL_CONVERSION = YES;
				CLANG_WARN_OBJC_IMPLICIT_RETAIN_SELF = YES;
				CLANG_WARN_OBJC_LITERAL_CONVERSION = YES;
				CLANG_WARN_OBJC_ROOT_CLASS = YES_ERROR;
				CLANG_WARN_RANGE_LOOP_ANALYSIS = YES;
				CLANG_WARN_STRICT_PROTOTYPES = YES;
				CLANG_WARN_SUSPICIOUS_MOVE = YES;
				CLANG_WARN_UNGUARDED_AVAILABILITY = YES_AGGRESSIVE;
				CLANG_WARN_UNREACHABLE_CODE = YES;
				CLANG_WARN__DUPLICATE_METHOD_MATCH = YES;
				CODE_SIGN_IDENTITY = "iPhone Developer";
				COPY_PHASE_STRIP = NO;
				CURRENT_PROJECT_VERSION = 1;
				DEBUG_INFORMATION_FORMAT = "dwarf-with-dsym";
				ENABLE_NS_ASSERTIONS = NO;
				ENABLE_STRICT_OBJC_MSGSEND = YES;
				GCC_C_LANGUAGE_STANDARD = gnu11;
				GCC_NO_COMMON_BLOCKS = YES;
				GCC_WARN_64_TO_32_BIT_CONVERSION = YES;
				GCC_WARN_ABOUT_RETURN_TYPE = YES_ERROR;
				GCC_WARN_UNDECLARED_SELECTOR = YES;
				GCC_WARN_UNINITIALIZED_AUTOS = YES_AGGRESSIVE;
				GCC_WARN_UNUSED_FUNCTION = YES;
				GCC_WARN_UNUSED_VARIABLE = YES;
				IPHONEOS_DEPLOYMENT_TARGET = 10.0;
				MTL_ENABLE_DEBUG_INFO = NO;
				MTL_FAST_MATH = YES;
				OTHER_CFLAGS = "-fembed-bitcode";
				SDKROOT = iphoneos;
				SWIFT_COMPILATION_MODE = wholemodule;
				SWIFT_OPTIMIZATION_LEVEL = "-O";
				VALIDATE_PRODUCT = YES;
				VERSIONING_SYSTEM = "apple-generic";
				VERSION_INFO_PREFIX = "";
			};
			name = Release;
		};
		264448AF22A4FBF6001A8ECA /* Debug */ = {
			isa = XCBuildConfiguration;
			baseConfigurationReference = 385D4F1CD6C1A8E39C2328CF /* Pods-Syte.debug.xcconfig */;
			buildSettings = {
				CLANG_ENABLE_MODULES = YES;
				CODE_SIGN_IDENTITY = "";
				CODE_SIGN_STYLE = Automatic;
				DEFINES_MODULE = YES;
				DYLIB_COMPATIBILITY_VERSION = 1;
				DYLIB_CURRENT_VERSION = 1;
				DYLIB_INSTALL_NAME_BASE = "@rpath";
				INFOPLIST_FILE = Syte/Info.plist;
				INSTALL_PATH = "$(LOCAL_LIBRARY_DIR)/Frameworks";
				LD_RUNPATH_SEARCH_PATHS = (
					"$(inherited)",
					"@executable_path/Frameworks",
					"@loader_path/Frameworks",
				);
				PRODUCT_BUNDLE_IDENTIFIER = ai.syte.sdk;
				PRODUCT_NAME = "$(TARGET_NAME:c99extidentifier)";
				SKIP_INSTALL = YES;
				SUPPORTS_MACCATALYST = NO;
				SWIFT_OPTIMIZATION_LEVEL = "-Onone";
				SWIFT_VERSION = 4.2;
				TARGETED_DEVICE_FAMILY = "1,2";
			};
			name = Debug;
		};
		264448B022A4FBF6001A8ECA /* Release */ = {
			isa = XCBuildConfiguration;
			baseConfigurationReference = 15F4AE1D48C240526BA85799 /* Pods-Syte.release.xcconfig */;
			buildSettings = {
				CLANG_ENABLE_MODULES = YES;
				CODE_SIGN_IDENTITY = "";
				CODE_SIGN_STYLE = Automatic;
				DEFINES_MODULE = YES;
				DYLIB_COMPATIBILITY_VERSION = 1;
				DYLIB_CURRENT_VERSION = 1;
				DYLIB_INSTALL_NAME_BASE = "@rpath";
				INFOPLIST_FILE = Syte/Info.plist;
				INSTALL_PATH = "$(LOCAL_LIBRARY_DIR)/Frameworks";
				LD_RUNPATH_SEARCH_PATHS = (
					"$(inherited)",
					"@executable_path/Frameworks",
					"@loader_path/Frameworks",
				);
				PRODUCT_BUNDLE_IDENTIFIER = ai.syte.sdk;
				PRODUCT_NAME = "$(TARGET_NAME:c99extidentifier)";
				SKIP_INSTALL = YES;
				SUPPORTS_MACCATALYST = NO;
				SWIFT_VERSION = 4.2;
				TARGETED_DEVICE_FAMILY = "1,2";
			};
			name = Release;
		};
		264448B522A4FDBD001A8ECA /* Debug */ = {
			isa = XCBuildConfiguration;
			buildSettings = {
				CODE_SIGN_STYLE = Automatic;
				PRODUCT_NAME = "$(TARGET_NAME)";
			};
			name = Debug;
		};
		264448B622A4FDBD001A8ECA /* Release */ = {
			isa = XCBuildConfiguration;
			buildSettings = {
				CODE_SIGN_STYLE = Automatic;
				PRODUCT_NAME = "$(TARGET_NAME)";
			};
			name = Release;
		};
		264448CD22A4FED5001A8ECA /* Debug */ = {
			isa = XCBuildConfiguration;
			baseConfigurationReference = 44460C6C055373D19AF5CB3C /* Pods-TestSyte.debug.xcconfig */;
			buildSettings = {
				ASSETCATALOG_COMPILER_APPICON_NAME = AppIcon;
				CODE_SIGN_STYLE = Automatic;
				DEVELOPMENT_TEAM = S5XX5YG7TB;
				INFOPLIST_FILE = TestSyte/Info.plist;
				LD_RUNPATH_SEARCH_PATHS = (
					"$(inherited)",
					"@executable_path/Frameworks",
				);
				PRODUCT_BUNDLE_IDENTIFIER = ai.TestSyte;
				PRODUCT_NAME = "$(TARGET_NAME)";
				SWIFT_VERSION = 4.2;
				TARGETED_DEVICE_FAMILY = "1,2";
			};
			name = Debug;
		};
		264448CE22A4FED5001A8ECA /* Release */ = {
			isa = XCBuildConfiguration;
			baseConfigurationReference = 1394A7545272145CB2436DCD /* Pods-TestSyte.release.xcconfig */;
			buildSettings = {
				ASSETCATALOG_COMPILER_APPICON_NAME = AppIcon;
				CODE_SIGN_STYLE = Automatic;
				DEVELOPMENT_TEAM = S5XX5YG7TB;
				INFOPLIST_FILE = TestSyte/Info.plist;
				LD_RUNPATH_SEARCH_PATHS = (
					"$(inherited)",
					"@executable_path/Frameworks",
				);
				PRODUCT_BUNDLE_IDENTIFIER = ai.TestSyte;
				PRODUCT_NAME = "$(TARGET_NAME)";
				SWIFT_VERSION = 4.2;
				TARGETED_DEVICE_FAMILY = "1,2";
			};
			name = Release;
		};
		6324E45922C8800F002359EE /* Debug */ = {
			isa = XCBuildConfiguration;
			baseConfigurationReference = A89169E2D2E29FBA649C7786 /* Pods-Syte-SyteTests.debug.xcconfig */;
			buildSettings = {
				CODE_SIGN_STYLE = Automatic;
				INFOPLIST_FILE = SyteTests/Info.plist;
				IPHONEOS_DEPLOYMENT_TARGET = 12.1;
				LD_RUNPATH_SEARCH_PATHS = (
					"$(inherited)",
					"@executable_path/Frameworks",
					"@loader_path/Frameworks",
				);
				PRODUCT_BUNDLE_IDENTIFIER = ai.syte.sdk.SyteTests;
				PRODUCT_NAME = "$(TARGET_NAME)";
				SWIFT_VERSION = 4.2;
				TARGETED_DEVICE_FAMILY = "1,2";
			};
			name = Debug;
		};
		6324E45A22C8800F002359EE /* Release */ = {
			isa = XCBuildConfiguration;
			baseConfigurationReference = 6873FDE43ACAC5F01FFF7B95 /* Pods-Syte-SyteTests.release.xcconfig */;
			buildSettings = {
				CODE_SIGN_STYLE = Automatic;
				INFOPLIST_FILE = SyteTests/Info.plist;
				IPHONEOS_DEPLOYMENT_TARGET = 12.1;
				LD_RUNPATH_SEARCH_PATHS = (
					"$(inherited)",
					"@executable_path/Frameworks",
					"@loader_path/Frameworks",
				);
				PRODUCT_BUNDLE_IDENTIFIER = ai.syte.sdk.SyteTests;
				PRODUCT_NAME = "$(TARGET_NAME)";
				SWIFT_VERSION = 4.2;
				TARGETED_DEVICE_FAMILY = "1,2";
			};
			name = Release;
		};
/* End XCBuildConfiguration section */

/* Begin XCConfigurationList section */
		264448A022A4FBF6001A8ECA /* Build configuration list for PBXProject "Syte" */ = {
			isa = XCConfigurationList;
			buildConfigurations = (
				264448AC22A4FBF6001A8ECA /* Debug */,
				264448AD22A4FBF6001A8ECA /* Release */,
			);
			defaultConfigurationIsVisible = 0;
			defaultConfigurationName = Release;
		};
		264448AE22A4FBF6001A8ECA /* Build configuration list for PBXNativeTarget "Syte" */ = {
			isa = XCConfigurationList;
			buildConfigurations = (
				264448AF22A4FBF6001A8ECA /* Debug */,
				264448B022A4FBF6001A8ECA /* Release */,
			);
			defaultConfigurationIsVisible = 0;
			defaultConfigurationName = Release;
		};
		264448B422A4FDBD001A8ECA /* Build configuration list for PBXAggregateTarget "UniversalSyte" */ = {
			isa = XCConfigurationList;
			buildConfigurations = (
				264448B522A4FDBD001A8ECA /* Debug */,
				264448B622A4FDBD001A8ECA /* Release */,
			);
			defaultConfigurationIsVisible = 0;
			defaultConfigurationName = Release;
		};
		264448CC22A4FED5001A8ECA /* Build configuration list for PBXNativeTarget "TestSyte" */ = {
			isa = XCConfigurationList;
			buildConfigurations = (
				264448CD22A4FED5001A8ECA /* Debug */,
				264448CE22A4FED5001A8ECA /* Release */,
			);
			defaultConfigurationIsVisible = 0;
			defaultConfigurationName = Release;
		};
		6324E45822C8800F002359EE /* Build configuration list for PBXNativeTarget "SyteTests" */ = {
			isa = XCConfigurationList;
			buildConfigurations = (
				6324E45922C8800F002359EE /* Debug */,
				6324E45A22C8800F002359EE /* Release */,
			);
			defaultConfigurationIsVisible = 0;
			defaultConfigurationName = Release;
		};
/* End XCConfigurationList section */
	};
	rootObject = 2644489D22A4FBF6001A8ECA /* Project object */;
}
